# THIS IS AN AUTOGENERATED FILE. DO NOT EDIT THIS FILE DIRECTLY.
# yarn lockfile v1


"@oslab/atob@0.1.0":
  version "0.1.0"
  resolved "https://registry.yarnpkg.com/@oslab/atob/-/atob-0.1.0.tgz#469d32266bfbf83496e5ef0c5ac8fbe90716c30c"
  integrity sha512-WCyYRySdkc2OWNdsx5s7wPzUFdbOe0ivSWtkDbQE/klj4gCCcVPyjsFB9V9rarTAP9zc1pxC2Y3ACOGudqKw3g==

"@oslab/btoa@0.1.0":
  version "0.1.0"
  resolved "https://registry.yarnpkg.com/@oslab/btoa/-/btoa-0.1.0.tgz#b38e9cf1120dc9cf91fc5400654fec419864aee8"
  integrity sha512-6f5wwOkOuka5brUjKi5NUENvBp0LesYNNhBBugbVxZcqAgLTzea+6L1dl3ZKIhDE0fi86AuqWDtkb93+fLlSsg==

awesomplete@1.1.2:
  version "1.1.2"
  resolved "https://registry.yarnpkg.com/awesomplete/-/awesomplete-1.1.2.tgz#b6e253f73474e46278bba5ae7f81d4262160fb75"
  integrity sha1-tuJT9zR05GJ4u6Wuf4HUJiFg+3U=

axios@0.18.0:
  version "0.18.0"
  resolved "https://registry.yarnpkg.com/axios/-/axios-0.18.0.tgz#32d53e4851efdc0a11993b6cd000789d70c05102"
  integrity sha1-MtU+SFHv3AoRmTts0AB4nXDAUQI=
  dependencies:
    follow-redirects "^1.3.0"
    is-buffer "^1.1.5"

axios@^0.15.3:
  version "0.15.3"
  resolved "https://registry.yarnpkg.com/axios/-/axios-0.15.3.tgz#2c9d638b2e191a08ea1d6cc988eadd6ba5bdc053"
  integrity sha1-LJ1jiy4ZGgjqHWzJiOrda6W9wFM=
  dependencies:
    follow-redirects "1.0.0"

balloon-css@0.5.0:
  version "0.5.0"
  resolved "https://registry.yarnpkg.com/balloon-css/-/balloon-css-0.5.0.tgz#6a3c065efab9ea5f509a95d4315df00aae114fa3"
  integrity sha1-ajwGXvq56l9QmpXUMV3wCq4RT6M=

big-integer@^1.6.17:
  version "1.6.40"
  resolved "https://registry.yarnpkg.com/big-integer/-/big-integer-1.6.40.tgz#02e4cd4d6e266c4d9ece2469c05cb6439149fc78"
  integrity sha512-CjhtJp0BViLzP1ZkEnoywjgtFQXS2pomKjAJtIISTCnuHILkLcAXLdFLG/nxsHc4s9kJfc+82Xpg8WNyhfACzQ==

bootstrap@4.0.0:
  version "4.0.0"
  resolved "https://registry.yarnpkg.com/bootstrap/-/bootstrap-4.0.0.tgz#ceb03842c145fcc1b9b4e15da2a05656ba68469a"
  integrity sha512-gulJE5dGFo6Q61V/whS6VM4WIyrlydXfCgkE+Gxe5hjrJ8rXLLZlALq7zq2RPhOc45PSwQpJkrTnc2KgD6cvmA==

cipher-base@^1.0.1, cipher-base@^1.0.3:
  version "1.0.4"
  resolved "https://registry.yarnpkg.com/cipher-base/-/cipher-base-1.0.4.tgz#8760e4ecc272f4c363532f926d874aae2c1397de"
  integrity sha512-Kkht5ye6ZGmwv40uUDZztayT2ThLQGfnj/T71N/XzeZeo3nf8foyW7zGTsPYkEya3m5f3cAypH+qe7YOrM1U2Q==
  dependencies:
    inherits "^2.0.1"
    safe-buffer "^5.0.1"

copy-text-to-clipboard@1.0.4:
  version "1.0.4"
  resolved "https://registry.yarnpkg.com/copy-text-to-clipboard/-/copy-text-to-clipboard-1.0.4.tgz#2286ff6c53495962c5318d34746d256939069c49"
  integrity sha512-4hDE+0bgqm4G/nXnt91CP3rc0vOptaePPU5WfVZuhv2AYNJogdLHR4pF1XPgXDAGY4QCzj9pD7zKATa+50sQPg==

create-hash@^1.1.0, create-hash@^1.1.2:
  version "1.2.0"
  resolved "https://registry.yarnpkg.com/create-hash/-/create-hash-1.2.0.tgz#889078af11a63756bcfb59bd221996be3a9ef196"
  integrity sha512-z00bCGNHDG8mHAkP7CtT1qVu+bFQUPjYq/4Iv3C3kWjTFV10zIjfSoeqXo9Asws8gwSHDGj/hl2u4OGIjapeCg==
  dependencies:
    cipher-base "^1.0.1"
    inherits "^2.0.1"
    md5.js "^1.3.4"
    ripemd160 "^2.0.1"
    sha.js "^2.4.0"

create-hmac@^1.1.4:
  version "1.1.7"
  resolved "https://registry.yarnpkg.com/create-hmac/-/create-hmac-1.1.7.tgz#69170c78b3ab957147b2b8b04572e47ead2243ff"
  integrity sha512-MJG9liiZ+ogc4TzUwuvbER1JRdgvUFSB5+VR/g5h82fGaIRWMWddtKBHi7/sVhfjQZ6SehlyhvQYrcYkaUIpLg==
  dependencies:
    cipher-base "^1.0.3"
    create-hash "^1.1.0"
    inherits "^2.0.1"
    ripemd160 "^2.0.0"
    safe-buffer "^5.0.1"
    sha.js "^2.4.8"

debug@=3.1.0:
  version "3.1.0"
  resolved "https://registry.yarnpkg.com/debug/-/debug-3.1.0.tgz#5bb5a0672628b64149566ba16819e61518c67261"
  integrity sha512-OX8XqP7/1a9cqkxYw2yXss15f26NKWBpDXQd0/uK/KPqdQhxbPa994hnzjcE2VqQpDslf55723cKPUOGSmMY3g==
  dependencies:
    ms "2.0.0"

debug@^2.2.0:
  version "2.6.9"
  resolved "https://registry.yarnpkg.com/debug/-/debug-2.6.9.tgz#5d128515df134ff327e90a4c93f4e077a536341f"
  integrity sha512-bC7ElrdJaJnPbAP+1EotYvqZsb3ecl5wi6Bfi6BJTUcNowp6cvspg0jXznRTKDjm/E7AdgFBVeAPVMNcKGsHMA==
  dependencies:
    ms "2.0.0"

deepmerge@^2.1.0:
  version "2.2.1"
  resolved "https://registry.yarnpkg.com/deepmerge/-/deepmerge-2.2.1.tgz#5d3ff22a01c00f645405a2fbc17d0778a1801170"
  integrity sha512-R9hc1Xa/NOBi9WRVUWg19rl1UB7Tt4kuPd+thNJgFZoxXsTz7ncaPaeIm+40oSGuP33DfMb4sZt1QIGiJzC4EA==

follow-redirects@1.0.0:
  version "1.0.0"
  resolved "https://registry.yarnpkg.com/follow-redirects/-/follow-redirects-1.0.0.tgz#8e34298cbd2e176f254effec75a1c78cc849fd37"
  integrity sha1-jjQpjL0uF28lTv/sdaHHjMhJ/Tc=
  dependencies:
    debug "^2.2.0"

follow-redirects@^1.3.0:
  version "1.5.10"
  resolved "https://registry.yarnpkg.com/follow-redirects/-/follow-redirects-1.5.10.tgz#7b7a9f9aea2fdff36786a94ff643ed07f4ff5e2a"
  integrity sha512-0V5l4Cizzvqt5D44aTXbFZz+FtyXV1vrDN6qrelxtfYQKW0KO0W2T/hkE8xvGa/540LkZlkaUjO4ailYTFtHVQ==
  dependencies:
    debug "=3.1.0"

font-awesome@4.7.0:
  version "4.7.0"
  resolved "https://registry.yarnpkg.com/font-awesome/-/font-awesome-4.7.0.tgz#8fa8cf0411a1a31afd07b06d2902bb9fc815a133"
  integrity sha1-j6jPBBGhoxr9B7BtKQK7n8gVoTM=

hash-base@^3.0.0:
  version "3.0.4"
  resolved "https://registry.yarnpkg.com/hash-base/-/hash-base-3.0.4.tgz#5fc8686847ecd73499403319a6b0a3f3f6ae4918"
  integrity sha1-X8hoaEfs1zSZQDMZprCj8/auSRg=
  dependencies:
    inherits "^2.0.1"
    safe-buffer "^5.0.1"

inherits@^2.0.1:
  version "2.0.3"
  resolved "https://registry.yarnpkg.com/inherits/-/inherits-2.0.3.tgz#633c2c83e3da42a502f52466022480f4208261de"
  integrity sha1-Yzwsg+PaQqUC9SRmAiSA9CCCYd4=

is-buffer@^1.1.5:
  version "1.1.6"
  resolved "https://registry.yarnpkg.com/is-buffer/-/is-buffer-1.1.6.tgz#efaa2ea9daa0d7ab2ea13a97b2b8ad51fefbe8be"
  integrity sha512-NcdALwpXkTm5Zvvbk7owOUSvVvBKDgKP5/ewfXEznmQFfs4ZRmanOeKBTjRVjka3QFoN6XJ+9F3USqfHqTaU5w==

jwt-decode@2.2.0:
  version "2.2.0"
  resolved "https://registry.yarnpkg.com/jwt-decode/-/jwt-decode-2.2.0.tgz#7d86bd56679f58ce6a84704a657dd392bba81a79"
  integrity sha1-fYa9VmefWM5qhHBKZX3TkruoGnk=

lesspass@6.0.0:
  version "6.0.0"
  resolved "https://registry.yarnpkg.com/lesspass/-/lesspass-6.0.0.tgz#f9589241b5e7238ccd8b8deb2a59fbfd77ce44ed"
  integrity sha1-+ViSQbXnI4zNi43rKln7/XfORO0=
  dependencies:
    big-integer "^1.6.17"
    create-hmac "^1.1.4"
    object-assign "^4.1.0"
    pbkdf2 "^3.0.9"
    pinkie-promise "^2.0.1"
    unibabel "^2.1.3"

lodash.debounce@4.0.8:
  version "4.0.8"
  resolved "https://registry.yarnpkg.com/lodash.debounce/-/lodash.debounce-4.0.8.tgz#82d79bff30a67c4005ffd5e2515300ad9ca4d7af"
  integrity sha1-gteb/zCmfEAF/9XiUVMArZyk168=

lodash.uniqby@4.7.0:
  version "4.7.0"
  resolved "https://registry.yarnpkg.com/lodash.uniqby/-/lodash.uniqby-4.7.0.tgz#d99c07a669e9e6d24e1362dfe266c67616af1302"
  integrity sha1-2ZwHpmnp5tJOE2Lf4mbGdhavEwI=

md5.js@^1.3.4:
  version "1.3.5"
  resolved "https://registry.yarnpkg.com/md5.js/-/md5.js-1.3.5.tgz#b5d07b8e3216e3e27cd728d72f70d1e6a342005f"
  integrity sha512-xitP+WxNPcTTOgnTJcrhM0xvdPepipPSf3I8EIpGKeFLjt3PlJLIDG3u8EX53ZIubkb+5U2+3rELYpEhHhzdkg==
  dependencies:
    hash-base "^3.0.0"
    inherits "^2.0.1"
    safe-buffer "^5.1.2"

ms@2.0.0:
  version "2.0.0"
  resolved "https://registry.yarnpkg.com/ms/-/ms-2.0.0.tgz#5608aeadfc00be6c2901df5f9861788de0d597c8"
  integrity sha1-VgiurfwAvmwpAd9fmGF4jeDVl8g=

object-assign@^4.1.0:
  version "4.1.1"
  resolved "https://registry.yarnpkg.com/object-assign/-/object-assign-4.1.1.tgz#2109adc7965887cfc05cbbd442cac8bfbb360863"
  integrity sha1-IQmtx5ZYh8/AXLvUQsrIv7s2CGM=

pbkdf2@^3.0.9:
  version "3.0.17"
  resolved "https://registry.yarnpkg.com/pbkdf2/-/pbkdf2-3.0.17.tgz#976c206530617b14ebb32114239f7b09336e93a6"
  integrity sha512-U/il5MsrZp7mGg3mSQfn742na2T+1/vHDCG5/iTI3X9MKUuYUZVLQhyRsg06mCgDBTd57TxzgZt7P+fYfjRLtA==
  dependencies:
    create-hash "^1.1.2"
    create-hmac "^1.1.4"
    ripemd160 "^2.0.1"
    safe-buffer "^5.0.1"
    sha.js "^2.4.8"

pinkie-promise@^2.0.1:
  version "2.0.1"
  resolved "https://registry.yarnpkg.com/pinkie-promise/-/pinkie-promise-2.0.1.tgz#2135d6dfa7a358c069ac9b178776288228450ffa"
  integrity sha1-ITXW36ejWMBprJsXh3YogihFD/o=
  dependencies:
    pinkie "^2.0.0"

pinkie@^2.0.0:
  version "2.0.4"
  resolved "https://registry.yarnpkg.com/pinkie/-/pinkie-2.0.4.tgz#72556b80cfa0d48a974e80e77248e80ed4f7f870"
  integrity sha1-clVrgM+g1IqXToDnckjoDtT3+HA=

ripemd160@^2.0.0, ripemd160@^2.0.1:
  version "2.0.2"
  resolved "https://registry.yarnpkg.com/ripemd160/-/ripemd160-2.0.2.tgz#a1c1a6f624751577ba5d07914cbc92850585890c"
  integrity sha512-ii4iagi25WusVoiC4B4lq7pbXfAp3D9v5CwfkY33vffw2+pkDjY1D8GaN7spsxvCSx8dkPqOZCEZyfxcmJG2IA==
  dependencies:
    hash-base "^3.0.0"
    inherits "^2.0.1"

safe-buffer@^5.0.1, safe-buffer@^5.1.2:
  version "5.1.2"
  resolved "https://registry.yarnpkg.com/safe-buffer/-/safe-buffer-5.1.2.tgz#991ec69d296e0313747d59bdfd2b745c35f8828d"
  integrity sha512-Gd2UZBJDkXlY7GbJxfsE8/nvKkUEU1G38c1siN6QP6a9PT9MmHB8GnpscSmMJSoF8LOIrt8ud/wPtojys4G6+g==

sha.js@^2.4.0, sha.js@^2.4.8:
  version "2.4.11"
  resolved "https://registry.yarnpkg.com/sha.js/-/sha.js-2.4.11.tgz#37a5cf0b81ecbc6943de109ba2960d1b26584ae7"
  integrity sha512-QMEp5B7cftE7APOjk5Y6xgrbWu+WkLVQwk8JNjZ8nKRciZaByEW6MubieAiToS7+dwvrjGhH8jRXz3MVd0AYqQ==
  dependencies:
    inherits "^2.0.1"
    safe-buffer "^5.0.1"

shvl@^1.2.0:
  version "1.3.1"
  resolved "https://registry.yarnpkg.com/shvl/-/shvl-1.3.1.tgz#6c20a17b4a20b08e9f8cab60c50a92229fcc176e"
  integrity sha512-+rRPP46hloYUAEImJcqprUgXu+05Ikqr4h4V+w5i2zJy37nAqtkQKufs3+3S2fDq6JNRrHMIQhB/Vaex+jgAAw==

unibabel@^2.1.3:
  version "2.1.7"
  resolved "https://registry.yarnpkg.com/unibabel/-/unibabel-2.1.7.tgz#3f3e5725abfeac5fdc1513dc0ff8b139798517e0"
  integrity sha512-UE3o33owprhW9KYqBdFYzbx5m/nYavivQm+GsjRhQ29/B1oEsgkAculd9A93c3oUVy4voq7E49xnty73nXB2HQ==

vue-polyglot@0.2.3:
  version "0.2.3"
  resolved "https://registry.yarnpkg.com/vue-polyglot/-/vue-polyglot-0.2.3.tgz#e5996280da35bf1dca640fbc5d9cd88ad8103d0d"
  integrity sha512-m30yICLAi9MGyLpK0kyXLQZ4YTI+n56qPiAA2+LLmGSOotxOPb3nqFOyedv4WuSQBohXKrH7lj93y7G58rfQ/A==
  dependencies:
    axios "^0.15.3"

vue-router@3.0.1:
  version "3.0.1"
  resolved "https://registry.yarnpkg.com/vue-router/-/vue-router-3.0.1.tgz#d9b05ad9c7420ba0f626d6500d693e60092cc1e9"
  integrity sha512-vLLoY452L+JBpALMP5UHum9+7nzR9PeIBCghU9ZtJ1eWm6ieUI8Zb/DI3MYxH32bxkjzYV1LRjNv4qr8d+uX/w==

vue@2.5.16:
  version "2.5.16"
  resolved "https://registry.yarnpkg.com/vue/-/vue-2.5.16.tgz#07edb75e8412aaeed871ebafa99f4672584a0085"
  integrity sha512-/ffmsiVuPC8PsWcFkZngdpas19ABm5mh2wA7iDqcltyCTwlgZjHGeJYOXkBMo422iPwIcviOtrTCUpSfXmToLQ==

vuejs-paginate@2.0.1:
  version "2.0.1"
  resolved "https://registry.yarnpkg.com/vuejs-paginate/-/vuejs-paginate-2.0.1.tgz#373ed6d692dec4113d37aa9467f945da3a2bd9af"
  integrity sha512-KaO/nNdbbewDdS/F/6JLLkGxPn6ExcjNnmdAUdOqPW16JheZTGz+k1jVMJ0Ob+didnEQx5ZYnNkjvFrWakma8Q==

vuex-persistedstate@2.5.1:
  version "2.5.1"
  resolved "https://registry.yarnpkg.com/vuex-persistedstate/-/vuex-persistedstate-2.5.1.tgz#129274514e2e46b49e8ca8066cf85b345c7b4ce2"
  integrity sha512-UioTOoIRDDThJu/8NEP9T+kd9l7YPPVM/J+2/UTquMAP3Ce1MevM3aKtRMax4egdbQ5me7Q/eQ8Tc6+SOQNk/w==
  dependencies:
    deepmerge "^2.1.0"
    shvl "^1.2.0"

vuex-router-sync@5.0.0:
  version "5.0.0"
  resolved "https://registry.yarnpkg.com/vuex-router-sync/-/vuex-router-sync-5.0.0.tgz#1a225c17a1dd9e2f74af0a1b2c62072e9492b305"
  integrity sha512-Mry2sO4kiAG64714X1CFpTA/shUH1DmkZ26DFDtwoM/yyx6OtMrc+MxrU+7vvbNLO9LSpgwkiJ8W+rlmRtsM+w==

vuex@3.0.1:
  version "3.0.1"
  resolved "https://registry.yarnpkg.com/vuex/-/vuex-3.0.1.tgz#e761352ebe0af537d4bb755a9b9dc4be3df7efd2"
  integrity sha512-wLoqz0B7DSZtgbWL1ShIBBCjv22GV5U+vcBFox658g6V0s4wZV9P4YjCNyoHSyIBpj1f29JBoNQIqD82cR4O3w==
